// !$*UTF8*$!
{
	archiveVersion = 1;
	classes = {
	};
	objectVersion = 50;
	objects = {

/* Begin PBXBuildFile section */
		E624F279255669DD005DE9C0 /* AppDelegate.swift in Sources */ = {isa = PBXBuildFile; fileRef = E624F278255669DD005DE9C0 /* AppDelegate.swift */; };
		E624F27B255669DD005DE9C0 /* SceneDelegate.swift in Sources */ = {isa = PBXBuildFile; fileRef = E624F27A255669DD005DE9C0 /* SceneDelegate.swift */; };
		E624F27D255669DD005DE9C0 /* ViewController.swift in Sources */ = {isa = PBXBuildFile; fileRef = E624F27C255669DD005DE9C0 /* ViewController.swift */; };
		E624F280255669DD005DE9C0 /* Main.storyboard in Resources */ = {isa = PBXBuildFile; fileRef = E624F27E255669DD005DE9C0 /* Main.storyboard */; };
		E624F282255669DD005DE9C0 /* Assets.xcassets in Resources */ = {isa = PBXBuildFile; fileRef = E624F281255669DD005DE9C0 /* Assets.xcassets */; };
		E624F285255669DD005DE9C0 /* LaunchScreen.storyboard in Resources */ = {isa = PBXBuildFile; fileRef = E624F283255669DD005DE9C0 /* LaunchScreen.storyboard */; };
		E624F290255669DE005DE9C0 /* TimerTests.swift in Sources */ = {isa = PBXBuildFile; fileRef = E624F28F255669DE005DE9C0 /* TimerTests.swift */; };
		E624F29B255669DE005DE9C0 /* TimerUITests.swift in Sources */ = {isa = PBXBuildFile; fileRef = E624F29A255669DE005DE9C0 /* TimerUITests.swift */; };
/* End PBXBuildFile section */

/* Begin PBXContainerItemProxy section */
		E624F28C255669DE005DE9C0 /* PBXContainerItemProxy */ = {
			isa = PBXContainerItemProxy;
			containerPortal = E624F26D255669DD005DE9C0 /* Project object */;
			proxyType = 1;
			remoteGlobalIDString = E624F274255669DD005DE9C0;
			remoteInfo = Timer;
		};
		E624F297255669DE005DE9C0 /* PBXContainerItemProxy */ = {
			isa = PBXContainerItemProxy;
			containerPortal = E624F26D255669DD005DE9C0 /* Project object */;
			proxyType = 1;
			remoteGlobalIDString = E624F274255669DD005DE9C0;
			remoteInfo = Timer;
		};
/* End PBXContainerItemProxy section */

/* Begin PBXFileReference section */
		E624F275255669DD005DE9C0 /* Timer.app */ = {isa = PBXFileReference; explicitFileType = wrapper.application; includeInIndex = 0; path = Timer.app; sourceTree = BUILT_PRODUCTS_DIR; };
		E624F278255669DD005DE9C0 /* AppDelegate.swift */ = {isa = PBXFileReference; lastKnownFileType = sourcecode.swift; path = AppDelegate.swift; sourceTree = "<group>"; };
		E624F27A255669DD005DE9C0 /* SceneDelegate.swift */ = {isa = PBXFileReference; lastKnownFileType = sourcecode.swift; path = SceneDelegate.swift; sourceTree = "<group>"; };
		E624F27C255669DD005DE9C0 /* ViewController.swift */ = {isa = PBXFileReference; lastKnownFileType = sourcecode.swift; path = ViewController.swift; sourceTree = "<group>"; };
		E624F27F255669DD005DE9C0 /* Base */ = {isa = PBXFileReference; lastKnownFileType = file.storyboard; name = Base; path = Base.lproj/Main.storyboard; sourceTree = "<group>"; };
		E624F281255669DD005DE9C0 /* Assets.xcassets */ = {isa = PBXFileReference; lastKnownFileType = folder.assetcatalog; path = Assets.xcassets; sourceTree = "<group>"; };
		E624F284255669DD005DE9C0 /* Base */ = {isa = PBXFileReference; lastKnownFileType = file.storyboard; name = Base; path = Base.lproj/LaunchScreen.storyboard; sourceTree = "<group>"; };
		E624F286255669DD005DE9C0 /* Info.plist */ = {isa = PBXFileReference; lastKnownFileType = text.plist.xml; path = Info.plist; sourceTree = "<group>"; };
		E624F28B255669DE005DE9C0 /* TimerTests.xctest */ = {isa = PBXFileReference; explicitFileType = wrapper.cfbundle; includeInIndex = 0; path = TimerTests.xctest; sourceTree = BUILT_PRODUCTS_DIR; };
		E624F28F255669DE005DE9C0 /* TimerTests.swift */ = {isa = PBXFileReference; lastKnownFileType = sourcecode.swift; path = TimerTests.swift; sourceTree = "<group>"; };
		E624F291255669DE005DE9C0 /* Info.plist */ = {isa = PBXFileReference; lastKnownFileType = text.plist.xml; path = Info.plist; sourceTree = "<group>"; };
		E624F296255669DE005DE9C0 /* TimerUITests.xctest */ = {isa = PBXFileReference; explicitFileType = wrapper.cfbundle; includeInIndex = 0; path = TimerUITests.xctest; sourceTree = BUILT_PRODUCTS_DIR; };
		E624F29A255669DE005DE9C0 /* TimerUITests.swift */ = {isa = PBXFileReference; lastKnownFileType = sourcecode.swift; path = TimerUITests.swift; sourceTree = "<group>"; };
		E624F29C255669DE005DE9C0 /* Info.plist */ = {isa = PBXFileReference; lastKnownFileType = text.plist.xml; path = Info.plist; sourceTree = "<group>"; };
/* End PBXFileReference section */

/* Begin PBXFrameworksBuildPhase section */
		E624F272255669DD005DE9C0 /* Frameworks */ = {
			isa = PBXFrameworksBuildPhase;
			buildActionMask = 2147483647;
			files = (
			);
			runOnlyForDeploymentPostprocessing = 0;
		};
		E624F288255669DE005DE9C0 /* Frameworks */ = {
			isa = PBXFrameworksBuildPhase;
			buildActionMask = 2147483647;
			files = (
			);
			runOnlyForDeploymentPostprocessing = 0;
		};
		E624F293255669DE005DE9C0 /* Frameworks */ = {
			isa = PBXFrameworksBuildPhase;
			buildActionMask = 2147483647;
			files = (
			);
			runOnlyForDeploymentPostprocessing = 0;
		};
/* End PBXFrameworksBuildPhase section */

/* Begin PBXGroup section */
		E624F26C255669DD005DE9C0 = {
			isa = PBXGroup;
			children = (
				E624F277255669DD005DE9C0 /* Timer */,
				E624F28E255669DE005DE9C0 /* TimerTests */,
				E624F299255669DE005DE9C0 /* TimerUITests */,
				E624F276255669DD005DE9C0 /* Products */,
			);
			sourceTree = "<group>";
		};
		E624F276255669DD005DE9C0 /* Products */ = {
			isa = PBXGroup;
			children = (
				E624F275255669DD005DE9C0 /* Timer.app */,
				E624F28B255669DE005DE9C0 /* TimerTests.xctest */,
				E624F296255669DE005DE9C0 /* TimerUITests.xctest */,
			);
			name = Products;
			sourceTree = "<group>";
		};
		E624F277255669DD005DE9C0 /* Timer */ = {
			isa = PBXGroup;
			children = (
				E624F278255669DD005DE9C0 /* AppDelegate.swift */,
				E624F27A255669DD005DE9C0 /* SceneDelegate.swift */,
				E624F27C255669DD005DE9C0 /* ViewController.swift */,
				E624F27E255669DD005DE9C0 /* Main.storyboard */,
				E624F281255669DD005DE9C0 /* Assets.xcassets */,
				E624F283255669DD005DE9C0 /* LaunchScreen.storyboard */,
				E624F286255669DD005DE9C0 /* Info.plist */,
			);
			path = Timer;
			sourceTree = "<group>";
		};
		E624F28E255669DE005DE9C0 /* TimerTests */ = {
			isa = PBXGroup;
			children = (
				E624F28F255669DE005DE9C0 /* TimerTests.swift */,
				E624F291255669DE005DE9C0 /* Info.plist */,
			);
			path = TimerTests;
			sourceTree = "<group>";
		};
		E624F299255669DE005DE9C0 /* TimerUITests */ = {
			isa = PBXGroup;
			children = (
				E624F29A255669DE005DE9C0 /* TimerUITests.swift */,
				E624F29C255669DE005DE9C0 /* Info.plist */,
			);
			path = TimerUITests;
			sourceTree = "<group>";
		};
/* End PBXGroup section */

/* Begin PBXNativeTarget section */
		E624F274255669DD005DE9C0 /* Timer */ = {
			isa = PBXNativeTarget;
			buildConfigurationList = E624F29F255669DE005DE9C0 /* Build configuration list for PBXNativeTarget "Timer" */;
			buildPhases = (
				E624F271255669DD005DE9C0 /* Sources */,
				E624F272255669DD005DE9C0 /* Frameworks */,
				E624F273255669DD005DE9C0 /* Resources */,
			);
			buildRules = (
			);
			dependencies = (
			);
			name = Timer;
			productName = Timer;
			productReference = E624F275255669DD005DE9C0 /* Timer.app */;
			productType = "com.apple.product-type.application";
		};
		E624F28A255669DE005DE9C0 /* TimerTests */ = {
			isa = PBXNativeTarget;
			buildConfigurationList = E624F2A2255669DE005DE9C0 /* Build configuration list for PBXNativeTarget "TimerTests" */;
			buildPhases = (
				E624F287255669DE005DE9C0 /* Sources */,
				E624F288255669DE005DE9C0 /* Frameworks */,
				E624F289255669DE005DE9C0 /* Resources */,
			);
			buildRules = (
			);
			dependencies = (
				E624F28D255669DE005DE9C0 /* PBXTargetDependency */,
			);
			name = TimerTests;
			productName = TimerTests;
			productReference = E624F28B255669DE005DE9C0 /* TimerTests.xctest */;
			productType = "com.apple.product-type.bundle.unit-test";
		};
		E624F295255669DE005DE9C0 /* TimerUITests */ = {
			isa = PBXNativeTarget;
			buildConfigurationList = E624F2A5255669DE005DE9C0 /* Build configuration list for PBXNativeTarget "TimerUITests" */;
			buildPhases = (
				E624F292255669DE005DE9C0 /* Sources */,
				E624F293255669DE005DE9C0 /* Frameworks */,
				E624F294255669DE005DE9C0 /* Resources */,
			);
			buildRules = (
			);
			dependencies = (
				E624F298255669DE005DE9C0 /* PBXTargetDependency */,
			);
			name = TimerUITests;
			productName = TimerUITests;
			productReference = E624F296255669DE005DE9C0 /* TimerUITests.xctest */;
			productType = "com.apple.product-type.bundle.ui-testing";
		};
/* End PBXNativeTarget section */

/* Begin PBXProject section */
		E624F26D255669DD005DE9C0 /* Project object */ = {
			isa = PBXProject;
			attributes = {
				LastSwiftUpdateCheck = 1210;
				LastUpgradeCheck = 1210;
				TargetAttributes = {
					E624F274255669DD005DE9C0 = {
						CreatedOnToolsVersion = 12.1;
					};
					E624F28A255669DE005DE9C0 = {
						CreatedOnToolsVersion = 12.1;
						TestTargetID = E624F274255669DD005DE9C0;
					};
					E624F295255669DE005DE9C0 = {
						CreatedOnToolsVersion = 12.1;
						TestTargetID = E624F274255669DD005DE9C0;
					};
				};
			};
			buildConfigurationList = E624F270255669DD005DE9C0 /* Build configuration list for PBXProject "Timer" */;
			compatibilityVersion = "Xcode 9.3";
			developmentRegion = en;
			hasScannedForEncodings = 0;
			knownRegions = (
				en,
				Base,
			);
			mainGroup = E624F26C255669DD005DE9C0;
			productRefGroup = E624F276255669DD005DE9C0 /* Products */;
			projectDirPath = "";
			projectRoot = "";
			targets = (
				E624F274255669DD005DE9C0 /* Timer */,
				E624F28A255669DE005DE9C0 /* TimerTests */,
				E624F295255669DE005DE9C0 /* TimerUITests */,
			);
		};
/* End PBXProject section */

/* Begin PBXResourcesBuildPhase section */
		E624F273255669DD005DE9C0 /* Resources */ = {
			isa = PBXResourcesBuildPhase;
			buildActionMask = 2147483647;
			files = (
				E624F285255669DD005DE9C0 /* LaunchScreen.storyboard in Resources */,
				E624F282255669DD005DE9C0 /* Assets.xcassets in Resources */,
				E624F280255669DD005DE9C0 /* Main.storyboard in Resources */,
			);
			runOnlyForDeploymentPostprocessing = 0;
		};
		E624F289255669DE005DE9C0 /* Resources */ = {
			isa = PBXResourcesBuildPhase;
			buildActionMask = 2147483647;
			files = (
			);
			runOnlyForDeploymentPostprocessing = 0;
		};
		E624F294255669DE005DE9C0 /* Resources */ = {
			isa = PBXResourcesBuildPhase;
			buildActionMask = 2147483647;
			files = (
			);
			runOnlyForDeploymentPostprocessing = 0;
		};
/* End PBXResourcesBuildPhase section */

/* Begin PBXSourcesBuildPhase section */
		E624F271255669DD005DE9C0 /* Sources */ = {
			isa = PBXSourcesBuildPhase;
			buildActionMask = 2147483647;
			files = (
				E624F27D255669DD005DE9C0 /* ViewController.swift in Sources */,
				E624F279255669DD005DE9C0 /* AppDelegate.swift in Sources */,
				E624F27B255669DD005DE9C0 /* SceneDelegate.swift in Sources */,
			);
			runOnlyForDeploymentPostprocessing = 0;
		};
		E624F287255669DE005DE9C0 /* Sources */ = {
			isa = PBXSourcesBuildPhase;
			buildActionMask = 2147483647;
			files = (
				E624F290255669DE005DE9C0 /* TimerTests.swift in Sources */,
			);
			runOnlyForDeploymentPostprocessing = 0;
		};
		E624F292255669DE005DE9C0 /* Sources */ = {
			isa = PBXSourcesBuildPhase;
			buildActionMask = 2147483647;
			files = (
				E624F29B255669DE005DE9C0 /* TimerUITests.swift in Sources */,
			);
			runOnlyForDeploymentPostprocessing = 0;
		};
/* End PBXSourcesBuildPhase section */

/* Begin PBXTargetDependency section */
		E624F28D255669DE005DE9C0 /* PBXTargetDependency */ = {
			isa = PBXTargetDependency;
			target = E624F274255669DD005DE9C0 /* Timer */;
			targetProxy = E624F28C255669DE005DE9C0 /* PBXContainerItemProxy */;
		};
		E624F298255669DE005DE9C0 /* PBXTargetDependency */ = {
			isa = PBXTargetDependency;
			target = E624F274255669DD005DE9C0 /* Timer */;
			targetProxy = E624F297255669DE005DE9C0 /* PBXContainerItemProxy */;
		};
/* End PBXTargetDependency section */

/* Begin PBXVariantGroup section */
		E624F27E255669DD005DE9C0 /* Main.storyboard */ = {
			isa = PBXVariantGroup;
			children = (
				E624F27F255669DD005DE9C0 /* Base */,
			);
			name = Main.storyboard;
			sourceTree = "<group>";
		};
		E624F283255669DD005DE9C0 /* LaunchScreen.storyboard */ = {
			isa = PBXVariantGroup;
			children = (
				E624F284255669DD005DE9C0 /* Base */,
			);
			name = LaunchScreen.storyboard;
			sourceTree = "<group>";
		};
/* End PBXVariantGroup section */

/* Begin XCBuildConfiguration section */
		E624F29D255669DE005DE9C0 /* Debug */ = {
			isa = XCBuildConfiguration;
			buildSettings = {
				ALWAYS_SEARCH_USER_PATHS = NO;
				CLANG_ANALYZER_NONNULL = YES;
				CLANG_ANALYZER_NUMBER_OBJECT_CONVERSION = YES_AGGRESSIVE;
				CLANG_CXX_LANGUAGE_STANDARD = "gnu++14";
				CLANG_CXX_LIBRARY = "libc++";
				CLANG_ENABLE_MODULES = YES;
				CLANG_ENABLE_OBJC_ARC = YES;
				CLANG_ENABLE_OBJC_WEAK = YES;
				CLANG_WARN_BLOCK_CAPTURE_AUTORELEASING = YES;
				CLANG_WARN_BOOL_CONVERSION = YES;
				CLANG_WARN_COMMA = YES;
				CLANG_WARN_CONSTANT_CONVERSION = YES;
				CLANG_WARN_DEPRECATED_OBJC_IMPLEMENTATIONS = YES;
				CLANG_WARN_DIRECT_OBJC_ISA_USAGE = YES_ERROR;
				CLANG_WARN_DOCUMENTATION_COMMENTS = YES;
				CLANG_WARN_EMPTY_BODY = YES;
				CLANG_WARN_ENUM_CONVERSION = YES;
				CLANG_WARN_INFINITE_RECURSION = YES;
				CLANG_WARN_INT_CONVERSION = YES;
				CLANG_WARN_NON_LITERAL_NULL_CONVERSION = YES;
				CLANG_WARN_OBJC_IMPLICIT_RETAIN_SELF = YES;
				CLANG_WARN_OBJC_LITERAL_CONVERSION = YES;
				CLANG_WARN_OBJC_ROOT_CLASS = YES_ERROR;
				CLANG_WARN_QUOTED_INCLUDE_IN_FRAMEWORK_HEADER = YES;
				CLANG_WARN_RANGE_LOOP_ANALYSIS = YES;
				CLANG_WARN_STRICT_PROTOTYPES = YES;
				CLANG_WARN_SUSPICIOUS_MOVE = YES;
				CLANG_WARN_UNGUARDED_AVAILABILITY = YES_AGGRESSIVE;
				CLANG_WARN_UNREACHABLE_CODE = YES;
				CLANG_WARN__DUPLICATE_METHOD_MATCH = YES;
				COPY_PHASE_STRIP = NO;
				DEBUG_INFORMATION_FORMAT = dwarf;
				ENABLE_STRICT_OBJC_MSGSEND = YES;
				ENABLE_TESTABILITY = YES;
				GCC_C_LANGUAGE_STANDARD = gnu11;
				GCC_DYNAMIC_NO_PIC = NO;
				GCC_NO_COMMON_BLOCKS = YES;
				GCC_OPTIMIZATION_LEVEL = 0;
				GCC_PREPROCESSOR_DEFINITIONS = (
					"DEBUG=1",
					"$(inherited)",
				);
				GCC_WARN_64_TO_32_BIT_CONVERSION = YES;
				GCC_WARN_ABOUT_RETURN_TYPE = YES_ERROR;
				GCC_WARN_UNDECLARED_SELECTOR = YES;
				GCC_WARN_UNINITIALIZED_AUTOS = YES_AGGRESSIVE;
				GCC_WARN_UNUSED_FUNCTION = YES;
				GCC_WARN_UNUSED_VARIABLE = YES;
				IPHONEOS_DEPLOYMENT_TARGET = 14.1;
				MTL_ENABLE_DEBUG_INFO = INCLUDE_SOURCE;
				MTL_FAST_MATH = YES;
				ONLY_ACTIVE_ARCH = YES;
				SDKROOT = iphoneos;
				SWIFT_ACTIVE_COMPILATION_CONDITIONS = DEBUG;
				SWIFT_OPTIMIZATION_LEVEL = "-Onone";
			};
			name = Debug;
		};
		E624F29E255669DE005DE9C0 /* Release */ = {
			isa = XCBuildConfiguration;
			buildSettings = {
				ALWAYS_SEARCH_USER_PATHS = NO;
				CLANG_ANALYZER_NONNULL = YES;
				CLANG_ANALYZER_NUMBER_OBJECT_CONVERSION = YES_AGGRESSIVE;
				CLANG_CXX_LANGUAGE_STANDARD = "gnu++14";
				CLANG_CXX_LIBRARY = "libc++";
				CLANG_ENABLE_MODULES = YES;
				CLANG_ENABLE_OBJC_ARC = YES;
				CLANG_ENABLE_OBJC_WEAK = YES;
				CLANG_WARN_BLOCK_CAPTURE_AUTORELEASING = YES;
				CLANG_WARN_BOOL_CONVERSION = YES;
				CLANG_WARN_COMMA = YES;
				CLANG_WARN_CONSTANT_CONVERSION = YES;
				CLANG_WARN_DEPRECATED_OBJC_IMPLEMENTATIONS = YES;
				CLANG_WARN_DIRECT_OBJC_ISA_USAGE = YES_ERROR;
				CLANG_WARN_DOCUMENTATION_COMMENTS = YES;
				CLANG_WARN_EMPTY_BODY = YES;
				CLANG_WARN_ENUM_CONVERSION = YES;
				CLANG_WARN_INFINITE_RECURSION = YES;
				CLANG_WARN_INT_CONVERSION = YES;
				CLANG_WARN_NON_LITERAL_NULL_CONVERSION = YES;
				CLANG_WARN_OBJC_IMPLICIT_RETAIN_SELF = YES;
				CLANG_WARN_OBJC_LITERAL_CONVERSION = YES;
				CLANG_WARN_OBJC_ROOT_CLASS = YES_ERROR;
				CLANG_WARN_QUOTED_INCLUDE_IN_FRAMEWORK_HEADER = YES;
				CLANG_WARN_RANGE_LOOP_ANALYSIS = YES;
				CLANG_WARN_STRICT_PROTOTYPES = YES;
				CLANG_WARN_SUSPICIOUS_MOVE = YES;
				CLANG_WARN_UNGUARDED_AVAILABILITY = YES_AGGRESSIVE;
				CLANG_WARN_UNREACHABLE_CODE = YES;
				CLANG_WARN__DUPLICATE_METHOD_MATCH = YES;
				COPY_PHASE_STRIP = NO;
				DEBUG_INFORMATION_FORMAT = "dwarf-with-dsym";
				ENABLE_NS_ASSERTIONS = NO;
				ENABLE_STRICT_OBJC_MSGSEND = YES;
				GCC_C_LANGUAGE_STANDARD = gnu11;
				GCC_NO_COMMON_BLOCKS = YES;
				GCC_WARN_64_TO_32_BIT_CONVERSION = YES;
				GCC_WARN_ABOUT_RETURN_TYPE = YES_ERROR;
				GCC_WARN_UNDECLARED_SELECTOR = YES;
				GCC_WARN_UNINITIALIZED_AUTOS = YES_AGGRESSIVE;
				GCC_WARN_UNUSED_FUNCTION = YES;
				GCC_WARN_UNUSED_VARIABLE = YES;
				IPHONEOS_DEPLOYMENT_TARGET = 14.1;
				MTL_ENABLE_DEBUG_INFO = NO;
				MTL_FAST_MATH = YES;
				SDKROOT = iphoneos;
				SWIFT_COMPILATION_MODE = wholemodule;
				SWIFT_OPTIMIZATION_LEVEL = "-O";
				VALIDATE_PRODUCT = YES;
			};
			name = Release;
		};
		E624F2A0255669DE005DE9C0 /* Debug */ = {
			isa = XCBuildConfiguration;
			buildSettings = {
				ASSETCATALOG_COMPILER_APPICON_NAME = AppIcon;
				ASSETCATALOG_COMPILER_GLOBAL_ACCENT_COLOR_NAME = AccentColor;
				CODE_SIGN_STYLE = Automatic;
				DEVELOPMENT_TEAM = F3R2G55BH4;
				INFOPLIST_FILE = Timer/Info.plist;
				LD_RUNPATH_SEARCH_PATHS = (
					"$(inherited)",
					"@executable_path/Frameworks",
				);
				PRODUCT_BUNDLE_IDENTIFIER = Translation.Timer;
				PRODUCT_NAME = "$(TARGET_NAME)";
				SWIFT_VERSION = 5.0;
				TARGETED_DEVICE_FAMILY = "1,2";
			};
			name = Debug;
		};
		E624F2A1255669DE005DE9C0 /* Release */ = {
			isa = XCBuildConfiguration;
			buildSettings = {
				ASSETCATALOG_COMPILER_APPICON_NAME = AppIcon;
				ASSETCATALOG_COMPILER_GLOBAL_ACCENT_COLOR_NAME = AccentColor;
				CODE_SIGN_STYLE = Automatic;
				DEVELOPMENT_TEAM = F3R2G55BH4;
				INFOPLIST_FILE = Timer/Info.plist;
				LD_RUNPATH_SEARCH_PATHS = (
					"$(inherited)",
					"@executable_path/Frameworks",
				);
				PRODUCT_BUNDLE_IDENTIFIER = Translation.Timer;
				PRODUCT_NAME = "$(TARGET_NAME)";
				SWIFT_VERSION = 5.0;
				TARGETED_DEVICE_FAMILY = "1,2";
			};
			name = Release;
		};
		E624F2A3255669DE005DE9C0 /* Debug */ = {
			isa = XCBuildConfiguration;
			buildSettings = {
				ALWAYS_EMBED_SWIFT_STANDARD_LIBRARIES = YES;
				BUNDLE_LOADER = "$(TEST_HOST)";
				CODE_SIGN_STYLE = Automatic;
				DEVELOPMENT_TEAM = F3R2G55BH4;
				INFOPLIST_FILE = TimerTests/Info.plist;
				IPHONEOS_DEPLOYMENT_TARGET = 14.1;
				LD_RUNPATH_SEARCH_PATHS = (
					"$(inherited)",
					"@executable_path/Frameworks",
					"@loader_path/Frameworks",
				);
				PRODUCT_BUNDLE_IDENTIFIER = Translation.TimerTests;
				PRODUCT_NAME = "$(TARGET_NAME)";
				SWIFT_VERSION = 5.0;
				TARGETED_DEVICE_FAMILY = "1,2";
				TEST_HOST = "$(BUILT_PRODUCTS_DIR)/Timer.app/Timer";
			};
			name = Debug;
		};
		E624F2A4255669DE005DE9C0 /* Release */ = {
			isa = XCBuildConfiguration;
			buildSettings = {
				ALWAYS_EMBED_SWIFT_STANDARD_LIBRARIES = YES;
				BUNDLE_LOADER = "$(TEST_HOST)";
				CODE_SIGN_STYLE = Automatic;
				DEVELOPMENT_TEAM = F3R2G55BH4;
				INFOPLIST_FILE = TimerTests/Info.plist;
				IPHONEOS_DEPLOYMENT_TARGET = 14.1;
				LD_RUNPATH_SEARCH_PATHS = (
					"$(inherited)",
					"@executable_path/Frameworks",
					"@loader_path/Frameworks",
				);
				PRODUCT_BUNDLE_IDENTIFIER = Translation.TimerTests;
				PRODUCT_NAME = "$(TARGET_NAME)";
				SWIFT_VERSION = 5.0;
				TARGETED_DEVICE_FAMILY = "1,2";
				TEST_HOST = "$(BUILT_PRODUCTS_DIR)/Timer.app/Timer";
			};
			name = Release;
		};
		E624F2A6255669DE005DE9C0 /* Debug */ = {
			isa = XCBuildConfiguration;
			buildSettings = {
				ALWAYS_EMBED_SWIFT_STANDARD_LIBRARIES = YES;
				CODE_SIGN_STYLE = Automatic;
				DEVELOPMENT_TEAM = F3R2G55BH4;
				INFOPLIST_FILE = TimerUITests/Info.plist;
				LD_RUNPATH_SEARCH_PATHS = (
					"$(inherited)",
					"@executable_path/Frameworks",
					"@loader_path/Frameworks",
				);
				PRODUCT_BUNDLE_IDENTIFIER = Translation.TimerUITests;
				PRODUCT_NAME = "$(TARGET_NAME)";
				SWIFT_VERSION = 5.0;
				TARGETED_DEVICE_FAMILY = "1,2";
				TEST_TARGET_NAME = Timer;
			};
			name = Debug;
		};
		E624F2A7255669DE005DE9C0 /* Release */ = {
			isa = XCBuildConfiguration;
			buildSettings = {
				ALWAYS_EMBED_SWIFT_STANDARD_LIBRARIES = YES;
				CODE_SIGN_STYLE = Automatic;
				DEVELOPMENT_TEAM = F3R2G55BH4;
				INFOPLIST_FILE = TimerUITests/Info.plist;
				LD_RUNPATH_SEARCH_PATHS = (
					"$(inherited)",
					"@executable_path/Frameworks",
					"@loader_path/Frameworks",
				);
				PRODUCT_BUNDLE_IDENTIFIER = Translation.TimerUITests;
				PRODUCT_NAME = "$(TARGET_NAME)";
				SWIFT_VERSION = 5.0;
				TARGETED_DEVICE_FAMILY = "1,2";
				TEST_TARGET_NAME = Timer;
			};
			name = Release;
		};
/* End XCBuildConfiguration section */

/* Begin XCConfigurationList section */
		E624F270255669DD005DE9C0 /* Build configuration list for PBXProject "Timer" */ = {
			isa = XCConfigurationList;
			buildConfigurations = (
				E624F29D255669DE005DE9C0 /* Debug */,
				E624F29E255669DE005DE9C0 /* Release */,
			);
			defaultConfigurationIsVisible = 0;
			defaultConfigurationName = Release;
		};
		E624F29F255669DE005DE9C0 /* Build configuration list for PBXNativeTarget "Timer" */ = {
			isa = XCConfigurationList;
			buildConfigurations = (
				E624F2A0255669DE005DE9C0 /* Debug */,
				E624F2A1255669DE005DE9C0 /* Release */,
			);
			defaultConfigurationIsVisible = 0;
			defaultConfigurationName = Release;
		};
		E624F2A2255669DE005DE9C0 /* Build configuration list for PBXNativeTarget "TimerTests" */ = {
			isa = XCConfigurationList;
			buildConfigurations = (
				E624F2A3255669DE005DE9C0 /* Debug */,
				E624F2A4255669DE005DE9C0 /* Release */,
			);
			defaultConfigurationIsVisible = 0;
			defaultConfigurationName = Release;
		};
		E624F2A5255669DE005DE9C0 /* Build configuration list for PBXNativeTarget "TimerUITests" */ = {
			isa = XCConfigurationList;
			buildConfigurations = (
				E624F2A6255669DE005DE9C0 /* Debug */,
				E624F2A7255669DE005DE9C0 /* Release */,
			);
			defaultConfigurationIsVisible = 0;
			defaultConfigurationName = Release;
		};
/* End XCConfigurationList section */
	};
	rootObject = E624F26D255669DD005DE9C0 /* Project object */;
}
